
Microsoft Visual Studio Solution File, Format Version 12.00
# Visual Studio 15
VisualStudioVersion = 15.0.28307.168
MinimumVisualStudioVersion = 10.0.40219.1
Project("{FAE04EC0-301F-11D3-BF4B-00C04F79EFBC}") = "CRM_demo_app", "CRM_demo_app\CRM_demo_app.csproj", "{92290C6F-8F1F-41D5-BA09-FF6C0BD9E44A}"
EndProject
Global
	GlobalSection(SolutionConfigurationPlatforms) = preSolution
		Debug|Any CPU = Debug|Any CPU
		Release|Any CPU = Release|Any CPU
	EndGlobalSection
	GlobalSection(ProjectConfigurationPlatforms) = postSolution
		{92290C6F-8F1F-41D5-BA09-FF6C0BD9E44A}.Debug|Any CPU.ActiveCfg = Debug|Any CPU
		{92290C6F-8F1F-41D5-BA09-FF6C0BD9E44A}.Debug|Any CPU.Build.0 = Debug|Any CPU
		{92290C6F-8F1F-41D5-BA09-FF6C0BD9E44A}.Release|Any CPU.ActiveCfg = Release|Any CPU
		{92290C6F-8F1F-41D5-BA09-FF6C0BD9E44A}.Release|Any CPU.Build.0 = Release|Any CPU
	EndGlobalSection
	GlobalSection(SolutionProperties) = preSolution
		HideSolutionNode = FALSE
	EndGlobalSection
	GlobalSection(ExtensibilityGlobals) = postSolution
		SolutionGuid = {EE1B7B96-5B04-4BD6-8B58-7AF831FB2776}
	EndGlobalSection
EndGlobal
